# This file is automatically @generated by Cargo.
# It is not intended for manual editing.
version = 4

[[package]]
name = "collections"
version = "0.1.0"
dependencies = [
 "itertools",
]

[[package]]
name = "either"
version = "1.14.0"
source = "registry+https://github.com/rust-lang/crates.io-index"
checksum = "b7914353092ddf589ad78f25c5c1c21b7f80b0ff8621e7c814c3485b5306da9d"

[[package]]
name = "itertools"
version = "0.14.0"
source = "registry+https://github.com/rust-lang/crates.io-index"
checksum = "2b192c782037fadd9cfa75548310488aabdbf3d2da73885b31bd0abd03351285"
dependencies = [
 "either",
]
